{
  "nodes": {
    "fenix": {
      "inputs": {
        "nixpkgs": [
          "nixpkgs"
        ],
        "rust-analyzer-src": "rust-analyzer-src"
      },
      "locked": {
        "lastModified": 1706941198,
        "narHash": "sha256-t6/qloMYdknVJ9a3QzjylQIZnQfgefJ5kMim50B7dwA=",
        "owner": "nix-community",
        "repo": "fenix",
        "rev": "28dbd8b43ea328ee708f7da538c63e03d5ed93c8",
        "type": "github"
      },
      "original": {
        "owner": "nix-community",
        "repo": "fenix",
        "type": "github"
      }
    },
    "flake-utils": {
      "inputs": {
        "systems": "systems"
      },
      "locked": {
        "lastModified": 1705309234,
        "narHash": "sha256-uNRRNRKmJyCRC/8y1RqBkqWBLM034y4qN7EprSdmgyA=",
        "owner": "numtide",
        "repo": "flake-utils",
        "rev": "1ef2e671c3b0c19053962c07dbda38332dcebf26",
        "type": "github"
      },
      "original": {
        "owner": "numtide",
        "repo": "flake-utils",
        "type": "github"
      }
    },
    "naersk": {
      "inputs": {
        "nixpkgs": "nixpkgs"
      },
      "locked": {
        "lastModified": 1698420672,
        "narHash": "sha256-/TdeHMPRjjdJub7p7+w55vyABrsJlt5QkznPYy55vKA=",
        "owner": "nix-community",
        "repo": "naersk",
        "rev": "aeb58d5e8faead8980a807c840232697982d47b9",
        "type": "github"
      },
      "original": {
        "owner": "nix-community",
        "repo": "naersk",
        "type": "github"
      }
    },
    "nixpkgs": {
      "locked": {
        "lastModified": 1707171055,
        "narHash": "sha256-7ZiKRdhrScsDfhDkGy8yJWAT6BfHqa8PYMX04roU03k=",
        "owner": "NixOS",
        "repo": "nixpkgs",
        "rev": "4b1aab22192b787355733c9495d47f4c66af084c",
        "type": "github"
      },
      "original": {
        "id": "nixpkgs",
        "type": "indirect"
      }
    },
    "nixpkgs_2": {
      "locked": {
        "lastModified": 1707092692,
        "narHash": "sha256-ZbHsm+mGk/izkWtT4xwwqz38fdlwu7nUUKXTOmm4SyE=",
        "owner": "nixos",
        "repo": "nixpkgs",
        "rev": "faf912b086576fd1a15fca610166c98d47bc667e",
        "type": "github"
      },
      "original": {
        "owner": "nixos",
        "ref": "nixos-unstable",
        "repo": "nixpkgs",
        "type": "github"
      }
    },
    "root": {
      "inputs": {
        "fenix": "fenix",
        "flake-utils": "flake-utils",
        "naersk": "naersk",
        "nixpkgs": "nixpkgs_2"
      }
    },
    "rust-analyzer-src": {
      "flake": false,
      "locked": {
        "lastModified": 1706875368,
        "narHash": "sha256-KOBXxNurIU2lEmO6lR2A5El32X9x8ITt25McxKZ/Ew0=",
        "owner": "rust-lang",
        "repo": "rust-analyzer",
        "rev": "8f6a72871ec87ed53cfe43a09fb284168a284e7e",
        "type": "github"
      },
      "original": {
        "owner": "rust-lang",
        "ref": "nightly",
        "repo": "rust-analyzer",
        "type": "github"
      }
    },
    "systems": {
      "locked": {
        "lastModified": 1681028828,
        "narHash": "sha256-Vy1rq5AaRuLzOxct8nz4T6wlgyUR7zLU309k9mBC768=",
        "owner": "nix-systems",
        "repo": "default",
        "rev": "da67096a3b9bf56a91d16901293e51ba5b49a27e",
        "type": "github"
      },
      "original": {
        "owner": "nix-systems",
        "repo": "default",
        "type": "github"
      }
    }
  },
  "root": "root",
  "version": 7
}
